
Microsoft Visual Studio Solution File, Format Version 12.00
# Visual Studio Version 16
VisualStudioVersion = 16.0.30320.27
MinimumVisualStudioVersion = 10.0.40219.1
Project("{FAE04EC0-301F-11D3-BF4B-00C04F79EFBC}") = "ProjectX", "ProjectX\ProjectX.csproj", "{C60C11E8-35FC-4CB7-8B0D-0AB824D0074F}"
EndProject
Global
	GlobalSection(SolutionConfigurationPlatforms) = preSolution
		Debug|Any CPU = Debug|Any CPU
		Release|Any CPU = Release|Any CPU
	EndGlobalSection
	GlobalSection(ProjectConfigurationPlatforms) = postSolution
		{C60C11E8-35FC-4CB7-8B0D-0AB824D0074F}.Debug|Any CPU.ActiveCfg = Debug|Any CPU
		{C60C11E8-35FC-4CB7-8B0D-0AB824D0074F}.Debug|Any CPU.Build.0 = Debug|Any CPU
		{C60C11E8-35FC-4CB7-8B0D-0AB824D0074F}.Debug|Any CPU.Deploy.0 = Debug|Any CPU
		{C60C11E8-35FC-4CB7-8B0D-0AB824D0074F}.Release|Any CPU.ActiveCfg = Release|Any CPU
		{C60C11E8-35FC-4CB7-8B0D-0AB824D0074F}.Release|Any CPU.Build.0 = Release|Any CPU
		{C60C11E8-35FC-4CB7-8B0D-0AB824D0074F}.Release|Any CPU.Deploy.0 = Release|Any CPU
	EndGlobalSection
	GlobalSection(SolutionProperties) = preSolution
		HideSolutionNode = FALSE
	EndGlobalSection
	GlobalSection(ExtensibilityGlobals) = postSolution
		SolutionGuid = {589F56AE-DD08-4DA6-8923-EDC9A7A0C382}
	EndGlobalSection
EndGlobal
